<?xml version="1.0" encoding="utf-8"?>
<Project ToolsVersion="4.0" xmlns="http://schemas.microsoft.com/developer/msbuild/2003">
  <ItemGroup>
    <Filter Include="Quelldateien">
      <UniqueIdentifier>{4FC737F1-C7A5-4376-A066-2A32D752A2FF}</UniqueIdentifier>
      <Extensions>cpp;c;cc;cxx;def;odl;idl;hpj;bat;asm;asmx</Extensions>
    </Filter>
    <Filter Include="Headerdateien">
      <UniqueIdentifier>{93995380-89BD-4b04-88EB-625FBE52EBFB}</UniqueIdentifier>
      <Extensions>h;hpp;hxx;hm;inl;inc;xsd</Extensions>
    </Filter>
    <Filter Include="Ressourcendateien">
      <UniqueIdentifier>{9be4a127-b862-4e51-a89f-05b2af43183d}</UniqueIdentifier>
    </Filter>
  </ItemGroup>
  <ItemGroup>
    <ClCompile Include="ext\TortoiseSVN\src\TSVNCache\CacheInterface.cpp">
      <Filter>Quelldateien</Filter>
    </ClCompile>
    <ClCompile Include="stdafx.cpp">
      <Filter>Quelldateien</Filter>
    </ClCompile>
    <ClCompile Include="SVNDetails.cpp">
      <Filter>Quelldateien</Filter>
    </ClCompile>
    <ClCompile Include="ext\TortoiseSVN\src\Utils\DebugOutput.cpp">
      <Filter>Quelldateien</Filter>
    </ClCompile>
    <ClCompile Include="ext\TortoiseSVN\src\SVN\SVNFolderStatus.cpp">
      <Filter>Quelldateien</Filter>
    </ClCompile>
    <ClCompile Include="ext\TortoiseSVN\src\SVN\TSVNPath.cpp">
      <Filter>Quelldateien</Filter>
    </ClCompile>
    <ClCompile Include="ext\TortoiseSVN\src\SVN\SVNStatus.cpp">
      <Filter>Quelldateien</Filter>
    </ClCompile>
    <ClCompile Include="ext\TortoiseSVN\src\SVN\SVNBase.cpp">
      <Filter>Quelldateien</Filter>
    </ClCompile>
    <ClCompile Include="ext\TortoiseSVN\src\SVN\SVNConfig.cpp">
      <Filter>Quelldateien</Filter>
    </ClCompile>
    <ClCompile Include="ext\TortoiseSVN\src\SVN\SVNHelpers.cpp">
      <Filter>Quelldateien</Filter>
    </ClCompile>
    <ClCompile Include="ext\TortoiseSVN\src\Utils\SVNTrace.cpp">
      <Filter>Quelldateien</Filter>
    </ClCompile>
    <ClCompile Include="ext\TortoiseSVN\src\SVN\SVNAdminDir.cpp">
      <Filter>Quelldateien</Filter>
    </ClCompile>
    <ClCompile Include="ext\TortoiseSVN\src\TortoiseShell\ShellCache.cpp">
      <Filter>Quelldateien</Filter>
    </ClCompile>
    <ClCompile Include="ext\TortoiseSVN\src\Utils\StringUtils.cpp">
      <Filter>Quelldateien</Filter>
    </ClCompile>
    <ClCompile Include="ext\TortoiseSVN\src\Utils\UnicodeUtils.cpp">
      <Filter>Quelldateien</Filter>
    </ClCompile>
    <ClCompile Include="ext\TortoiseSVN\src\Utils\PathUtils.cpp">
      <Filter>Quelldateien</Filter>
    </ClCompile>
    <ClCompile Include="ext\TortoiseSVN\src\SVN\SVNGlobal.cpp">
      <Filter>Quelldateien</Filter>
    </ClCompile>
    <ClCompile Include="ext\TortoiseSVN\src\TortoiseShell\RemoteCacheLink.cpp">
      <Filter>Quelldateien</Filter>
    </ClCompile>
    <ClCompile Include="ext\TortoiseSVN\src\Utils\Registry.cpp">
      <Filter>Quelldateien</Filter>
    </ClCompile>
  </ItemGroup>
  <ItemGroup>
    <None Include="SVNDetails.def">
      <Filter>Quelldateien</Filter>
    </None>
  </ItemGroup>
  <ItemGroup>
    <ClInclude Include="ext\TortoiseSVN\src\TSVNCache\CacheInterface.h">
      <Filter>Headerdateien</Filter>
    </ClInclude>
    <ClInclude Include="contentplug.h">
      <Filter>Headerdateien</Filter>
    </ClInclude>
    <ClInclude Include="stdafx.h">
      <Filter>Headerdateien</Filter>
    </ClInclude>
    <ClInclude Include="ext\TortoiseSVN\src\SVN\SVNFolderStatus.h">
      <Filter>Headerdateien</Filter>
    </ClInclude>
    <ClInclude Include="ext\TortoiseSVN\src\SVN\TSVNPath.h">
      <Filter>Headerdateien</Filter>
    </ClInclude>
    <ClInclude Include="ext\TortoiseSVN\src\SVN\SVNStatus.h">
      <Filter>Headerdateien</Filter>
    </ClInclude>
    <ClInclude Include="ext\TortoiseSVN\src\SVN\SVNBase.h">
      <Filter>Headerdateien</Filter>
    </ClInclude>
    <ClInclude Include="ext\TortoiseSVN\src\SVN\SVNConfig.h">
      <Filter>Headerdateien</Filter>
    </ClInclude>
    <ClInclude Include="ext\TortoiseSVN\src\SVN\SVNHelpers.h">
      <Filter>Headerdateien</Filter>
    </ClInclude>
    <ClInclude Include="ext\TortoiseSVN\src\Utils\SVNTrace.h">
      <Filter>Headerdateien</Filter>
    </ClInclude>
    <ClInclude Include="ext\TortoiseSVN\src\SVN\SVNAdminDir.h">
      <Filter>Headerdateien</Filter>
    </ClInclude>
    <ClInclude Include="ext\TortoiseSVN\src\TortoiseShell\ShellCache.h">
      <Filter>Headerdateien</Filter>
    </ClInclude>
    <ClInclude Include="ext\TortoiseSVN\src\Utils\StringUtils.h">
      <Filter>Headerdateien</Filter>
    </ClInclude>
    <ClInclude Include="ext\TortoiseSVN\src\Utils\UnicodeUtils.h">
      <Filter>Headerdateien</Filter>
    </ClInclude>
    <ClInclude Include="ext\TortoiseSVN\src\Utils\PathUtils.h">
      <Filter>Headerdateien</Filter>
    </ClInclude>
    <ClInclude Include="ext\TortoiseSVN\src\SVN\SVNGlobal.h">
      <Filter>Headerdateien</Filter>
    </ClInclude>
    <ClInclude Include="ext\TortoiseSVN\src\TortoiseShell\RemoteCacheLink.h">
      <Filter>Headerdateien</Filter>
    </ClInclude>
    <ClInclude Include="ext\TortoiseSVN\src\Utils\DebugOutput.h">
      <Filter>Headerdateien</Filter>
    </ClInclude>
    <ClInclude Include="ext\TortoiseSVN\src\Utils\registry.h">
      <Filter>Headerdateien</Filter>
    </ClInclude>
  </ItemGroup>
  <ItemGroup>
    <ResourceCompile Include="SVNDetails.rc">
      <Filter>Ressourcendateien</Filter>
    </ResourceCompile>
  </ItemGroup>
</Project>